
Microsoft Visual Studio Solution File, Format Version 12.00
# Visual Studio Version 17
VisualStudioVersion = 17.0.31903.59
MinimumVisualStudioVersion = 10.0.40219.1
Project("{2150E333-8FDC-42A3-9474-1A3956D46DE8}") = "Solution Items", "Solution Items", "{4C763E6F-D2FE-49E4-9BF4-58C2059DA673}"
	ProjectSection(SolutionItems) = preProject
		.editorconfig = .editorconfig
		Directory.Build.props = Directory.Build.props
		src\Directory.Build.props = src\Directory.Build.props
		Directory.Packages.props = Directory.Packages.props
	EndProjectSection
EndProject
Project("{2150E333-8FDC-42A3-9474-1A3956D46DE8}") = "src", "src", "{D439AB97-4A0F-4EB4-8F29-46633D072DA9}"
EndProject
Project("{FAE04EC0-301F-11D3-BF4B-00C04F79EFBC}") = "Core", "src\Core\Core.csproj", "{9C409513-FE55-4C1C-9359-13D519F95912}"
EndProject
Project("{2150E333-8FDC-42A3-9474-1A3956D46DE8}") = "tests", "tests", "{C6285355-C3D6-41CB-870C-E3B2BC1FCF9F}"
EndProject
Project("{2150E333-8FDC-42A3-9474-1A3956D46DE8}") = "unit", "unit", "{0D47AC3A-01ED-4229-82B0-0A008DF78D30}"
EndProject
Project("{2150E333-8FDC-42A3-9474-1A3956D46DE8}") = "Coordinators", "Coordinators", "{1DC0AD25-09ED-43C4-8435-794554069B61}"
EndProject
Project("{FAE04EC0-301F-11D3-BF4B-00C04F79EFBC}") = "CommandCoordinator", "tests\unit\Coordinators\CommandCoordinator\CommandCoordinator.csproj", "{27D908F6-9C58-437D-BD20-394FFB0A24EE}"
EndProject
Project("{2150E333-8FDC-42A3-9474-1A3956D46DE8}") = "Coordinators", "Coordinators", "{0FA46413-0E3B-4942-99CE-7FA8F67D9CC7}"
EndProject
Project("{FAE04EC0-301F-11D3-BF4B-00C04F79EFBC}") = "Coordinators.Abstractions", "src\Coordinators\Abstractions\Coordinators.Abstractions.csproj", "{E2374BFA-DE23-4E85-8F79-CEEDCF2AFB2A}"
EndProject
Project("{FAE04EC0-301F-11D3-BF4B-00C04F79EFBC}") = "Coordinators.Implementation", "src\Coordinators\Implementation\Coordinators.Implementation.csproj", "{EF88FE91-D469-4FEA-8168-2AAC80537E54}"
EndProject
Project("{2150E333-8FDC-42A3-9474-1A3956D46DE8}") = "Handlers", "Handlers", "{83A0C055-1095-42AB-A448-6AF85037E7E7}"
EndProject
Project("{FAE04EC0-301F-11D3-BF4B-00C04F79EFBC}") = "Handlers.Abstractions", "src\Handlers\Abstractions\Handlers.Abstractions.csproj", "{927F4607-0C01-4608-B050-91EC21023ED9}"
EndProject
Global
	GlobalSection(SolutionConfigurationPlatforms) = preSolution
		Debug|Any CPU = Debug|Any CPU
		Release|Any CPU = Release|Any CPU
	EndGlobalSection
	GlobalSection(ProjectConfigurationPlatforms) = postSolution
		{9C409513-FE55-4C1C-9359-13D519F95912}.Debug|Any CPU.ActiveCfg = Debug|Any CPU
		{9C409513-FE55-4C1C-9359-13D519F95912}.Debug|Any CPU.Build.0 = Debug|Any CPU
		{9C409513-FE55-4C1C-9359-13D519F95912}.Release|Any CPU.ActiveCfg = Release|Any CPU
		{9C409513-FE55-4C1C-9359-13D519F95912}.Release|Any CPU.Build.0 = Release|Any CPU
		{27D908F6-9C58-437D-BD20-394FFB0A24EE}.Debug|Any CPU.ActiveCfg = Debug|Any CPU
		{27D908F6-9C58-437D-BD20-394FFB0A24EE}.Debug|Any CPU.Build.0 = Debug|Any CPU
		{27D908F6-9C58-437D-BD20-394FFB0A24EE}.Release|Any CPU.ActiveCfg = Release|Any CPU
		{27D908F6-9C58-437D-BD20-394FFB0A24EE}.Release|Any CPU.Build.0 = Release|Any CPU
		{E2374BFA-DE23-4E85-8F79-CEEDCF2AFB2A}.Debug|Any CPU.ActiveCfg = Debug|Any CPU
		{E2374BFA-DE23-4E85-8F79-CEEDCF2AFB2A}.Debug|Any CPU.Build.0 = Debug|Any CPU
		{E2374BFA-DE23-4E85-8F79-CEEDCF2AFB2A}.Release|Any CPU.ActiveCfg = Release|Any CPU
		{E2374BFA-DE23-4E85-8F79-CEEDCF2AFB2A}.Release|Any CPU.Build.0 = Release|Any CPU
		{EF88FE91-D469-4FEA-8168-2AAC80537E54}.Debug|Any CPU.ActiveCfg = Debug|Any CPU
		{EF88FE91-D469-4FEA-8168-2AAC80537E54}.Debug|Any CPU.Build.0 = Debug|Any CPU
		{EF88FE91-D469-4FEA-8168-2AAC80537E54}.Release|Any CPU.ActiveCfg = Release|Any CPU
		{EF88FE91-D469-4FEA-8168-2AAC80537E54}.Release|Any CPU.Build.0 = Release|Any CPU
		{927F4607-0C01-4608-B050-91EC21023ED9}.Debug|Any CPU.ActiveCfg = Debug|Any CPU
		{927F4607-0C01-4608-B050-91EC21023ED9}.Debug|Any CPU.Build.0 = Debug|Any CPU
		{927F4607-0C01-4608-B050-91EC21023ED9}.Release|Any CPU.ActiveCfg = Release|Any CPU
		{927F4607-0C01-4608-B050-91EC21023ED9}.Release|Any CPU.Build.0 = Release|Any CPU
	EndGlobalSection
	GlobalSection(SolutionProperties) = preSolution
		HideSolutionNode = FALSE
	EndGlobalSection
	GlobalSection(NestedProjects) = preSolution
		{9C409513-FE55-4C1C-9359-13D519F95912} = {D439AB97-4A0F-4EB4-8F29-46633D072DA9}
		{0D47AC3A-01ED-4229-82B0-0A008DF78D30} = {C6285355-C3D6-41CB-870C-E3B2BC1FCF9F}
		{1DC0AD25-09ED-43C4-8435-794554069B61} = {0D47AC3A-01ED-4229-82B0-0A008DF78D30}
		{27D908F6-9C58-437D-BD20-394FFB0A24EE} = {1DC0AD25-09ED-43C4-8435-794554069B61}
		{0FA46413-0E3B-4942-99CE-7FA8F67D9CC7} = {D439AB97-4A0F-4EB4-8F29-46633D072DA9}
		{E2374BFA-DE23-4E85-8F79-CEEDCF2AFB2A} = {0FA46413-0E3B-4942-99CE-7FA8F67D9CC7}
		{EF88FE91-D469-4FEA-8168-2AAC80537E54} = {0FA46413-0E3B-4942-99CE-7FA8F67D9CC7}
		{83A0C055-1095-42AB-A448-6AF85037E7E7} = {D439AB97-4A0F-4EB4-8F29-46633D072DA9}
		{927F4607-0C01-4608-B050-91EC21023ED9} = {83A0C055-1095-42AB-A448-6AF85037E7E7}
	EndGlobalSection
EndGlobal
