
Microsoft Visual Studio Solution File, Format Version 12.00
# Visual Studio Version 17
VisualStudioVersion = 17.0.31903.59
MinimumVisualStudioVersion = 10.0.40219.1
Project("{2150E333-8FDC-42A3-9474-1A3956D46DE8}") = "Solution Items", "Solution Items", "{4C763E6F-D2FE-49E4-9BF4-58C2059DA673}"
	ProjectSection(SolutionItems) = preProject
		.editorconfig = .editorconfig
		Directory.Build.props = Directory.Build.props
		src\Directory.Build.props = src\Directory.Build.props
		Directory.Packages.props = Directory.Packages.props
	EndProjectSection
EndProject
Project("{2150E333-8FDC-42A3-9474-1A3956D46DE8}") = "src", "src", "{D439AB97-4A0F-4EB4-8F29-46633D072DA9}"
EndProject
Project("{FAE04EC0-301F-11D3-BF4B-00C04F79EFBC}") = "Core", "src\Core\Core.csproj", "{9C409513-FE55-4C1C-9359-13D519F95912}"
EndProject
Project("{2150E333-8FDC-42A3-9474-1A3956D46DE8}") = "Handlers", "Handlers", "{4F9B09C6-6822-4488-9480-AEF9C7ADF929}"
EndProject
Project("{2150E333-8FDC-42A3-9474-1A3956D46DE8}") = "Composite", "Composite", "{E356D8F6-17D7-4F9B-AE93-27725E5FE440}"
EndProject
Project("{FAE04EC0-301F-11D3-BF4B-00C04F79EFBC}") = "Handlers.Composite.Core", "src\Handlers\Composite\Core\Handlers.Composite.Core.csproj", "{A1AD1A9E-737B-454F-A150-FC1973D68448}"
EndProject
Project("{2150E333-8FDC-42A3-9474-1A3956D46DE8}") = "tests", "tests", "{91AFAA80-4F1A-4E3F-9279-EDDA1CD1ABDF}"
EndProject
Project("{2150E333-8FDC-42A3-9474-1A3956D46DE8}") = "unit", "unit", "{AC2EC1A1-5B06-4BDF-8B25-C7A3CDB8CB50}"
EndProject
Project("{2150E333-8FDC-42A3-9474-1A3956D46DE8}") = "Handlers", "Handlers", "{095AB879-C894-4696-9C91-99BF48E43861}"
EndProject
Project("{2150E333-8FDC-42A3-9474-1A3956D46DE8}") = "Composite", "Composite", "{54623F21-C9C1-42A0-BF02-FF5EFF45D85A}"
EndProject
Project("{2150E333-8FDC-42A3-9474-1A3956D46DE8}") = "Core", "Core", "{FE1A9622-255D-42C6-9706-5070A3C6E524}"
EndProject
Project("{FAE04EC0-301F-11D3-BF4B-00C04F79EFBC}") = "CommandHandlerComposite", "tests\unit\Handlers\Composite\Core\CommandHandlerComposite\CommandHandlerComposite.csproj", "{EE3763B4-B338-4D80-B218-2902549DB312}"
EndProject
Project("{FAE04EC0-301F-11D3-BF4B-00C04F79EFBC}") = "Handlers.Abstractions", "src\Handlers\Abstractions\Handlers.Abstractions.csproj", "{DB0C3A93-F2DD-4BB4-A77C-22E09BA5FA56}"
EndProject
Project("{2150E333-8FDC-42A3-9474-1A3956D46DE8}") = "Null", "Null", "{F4709220-B05C-4FF1-972E-645232D34DCC}"
EndProject
Project("{FAE04EC0-301F-11D3-BF4B-00C04F79EFBC}") = "Handlers.Null.Core", "src\Handlers\Null\Core\Handlers.Null.Core.csproj", "{EFB6D0A9-5EF6-4E28-B13B-B58B835CB496}"
EndProject
Project("{2150E333-8FDC-42A3-9474-1A3956D46DE8}") = "Null", "Null", "{E1EB2A04-9223-41D7-A707-986EE64A4B9D}"
EndProject
Project("{2150E333-8FDC-42A3-9474-1A3956D46DE8}") = "Core", "Core", "{634FE217-6374-461C-B3C2-E1B02AFBE1CB}"
EndProject
Project("{FAE04EC0-301F-11D3-BF4B-00C04F79EFBC}") = "NullCommandHandler", "tests\unit\Handlers\Null\Core\NullCommandHandler\NullCommandHandler.csproj", "{02BB71D7-CF54-4DCD-8DBE-901F14779A09}"
EndProject
Global
	GlobalSection(SolutionConfigurationPlatforms) = preSolution
		Debug|Any CPU = Debug|Any CPU
		Release|Any CPU = Release|Any CPU
	EndGlobalSection
	GlobalSection(ProjectConfigurationPlatforms) = postSolution
		{9C409513-FE55-4C1C-9359-13D519F95912}.Debug|Any CPU.ActiveCfg = Debug|Any CPU
		{9C409513-FE55-4C1C-9359-13D519F95912}.Debug|Any CPU.Build.0 = Debug|Any CPU
		{9C409513-FE55-4C1C-9359-13D519F95912}.Release|Any CPU.ActiveCfg = Release|Any CPU
		{9C409513-FE55-4C1C-9359-13D519F95912}.Release|Any CPU.Build.0 = Release|Any CPU
		{A1AD1A9E-737B-454F-A150-FC1973D68448}.Debug|Any CPU.ActiveCfg = Debug|Any CPU
		{A1AD1A9E-737B-454F-A150-FC1973D68448}.Debug|Any CPU.Build.0 = Debug|Any CPU
		{A1AD1A9E-737B-454F-A150-FC1973D68448}.Release|Any CPU.ActiveCfg = Release|Any CPU
		{A1AD1A9E-737B-454F-A150-FC1973D68448}.Release|Any CPU.Build.0 = Release|Any CPU
		{EE3763B4-B338-4D80-B218-2902549DB312}.Debug|Any CPU.ActiveCfg = Debug|Any CPU
		{EE3763B4-B338-4D80-B218-2902549DB312}.Debug|Any CPU.Build.0 = Debug|Any CPU
		{EE3763B4-B338-4D80-B218-2902549DB312}.Release|Any CPU.ActiveCfg = Release|Any CPU
		{EE3763B4-B338-4D80-B218-2902549DB312}.Release|Any CPU.Build.0 = Release|Any CPU
		{DB0C3A93-F2DD-4BB4-A77C-22E09BA5FA56}.Debug|Any CPU.ActiveCfg = Debug|Any CPU
		{DB0C3A93-F2DD-4BB4-A77C-22E09BA5FA56}.Debug|Any CPU.Build.0 = Debug|Any CPU
		{DB0C3A93-F2DD-4BB4-A77C-22E09BA5FA56}.Release|Any CPU.ActiveCfg = Release|Any CPU
		{DB0C3A93-F2DD-4BB4-A77C-22E09BA5FA56}.Release|Any CPU.Build.0 = Release|Any CPU
		{EFB6D0A9-5EF6-4E28-B13B-B58B835CB496}.Debug|Any CPU.ActiveCfg = Debug|Any CPU
		{EFB6D0A9-5EF6-4E28-B13B-B58B835CB496}.Debug|Any CPU.Build.0 = Debug|Any CPU
		{EFB6D0A9-5EF6-4E28-B13B-B58B835CB496}.Release|Any CPU.ActiveCfg = Release|Any CPU
		{EFB6D0A9-5EF6-4E28-B13B-B58B835CB496}.Release|Any CPU.Build.0 = Release|Any CPU
		{02BB71D7-CF54-4DCD-8DBE-901F14779A09}.Debug|Any CPU.ActiveCfg = Debug|Any CPU
		{02BB71D7-CF54-4DCD-8DBE-901F14779A09}.Debug|Any CPU.Build.0 = Debug|Any CPU
		{02BB71D7-CF54-4DCD-8DBE-901F14779A09}.Release|Any CPU.ActiveCfg = Release|Any CPU
		{02BB71D7-CF54-4DCD-8DBE-901F14779A09}.Release|Any CPU.Build.0 = Release|Any CPU
	EndGlobalSection
	GlobalSection(SolutionProperties) = preSolution
		HideSolutionNode = FALSE
	EndGlobalSection
	GlobalSection(NestedProjects) = preSolution
		{9C409513-FE55-4C1C-9359-13D519F95912} = {D439AB97-4A0F-4EB4-8F29-46633D072DA9}
		{4F9B09C6-6822-4488-9480-AEF9C7ADF929} = {D439AB97-4A0F-4EB4-8F29-46633D072DA9}
		{E356D8F6-17D7-4F9B-AE93-27725E5FE440} = {4F9B09C6-6822-4488-9480-AEF9C7ADF929}
		{A1AD1A9E-737B-454F-A150-FC1973D68448} = {E356D8F6-17D7-4F9B-AE93-27725E5FE440}
		{AC2EC1A1-5B06-4BDF-8B25-C7A3CDB8CB50} = {91AFAA80-4F1A-4E3F-9279-EDDA1CD1ABDF}
		{095AB879-C894-4696-9C91-99BF48E43861} = {AC2EC1A1-5B06-4BDF-8B25-C7A3CDB8CB50}
		{54623F21-C9C1-42A0-BF02-FF5EFF45D85A} = {095AB879-C894-4696-9C91-99BF48E43861}
		{FE1A9622-255D-42C6-9706-5070A3C6E524} = {54623F21-C9C1-42A0-BF02-FF5EFF45D85A}
		{EE3763B4-B338-4D80-B218-2902549DB312} = {FE1A9622-255D-42C6-9706-5070A3C6E524}
		{DB0C3A93-F2DD-4BB4-A77C-22E09BA5FA56} = {4F9B09C6-6822-4488-9480-AEF9C7ADF929}
		{F4709220-B05C-4FF1-972E-645232D34DCC} = {4F9B09C6-6822-4488-9480-AEF9C7ADF929}
		{EFB6D0A9-5EF6-4E28-B13B-B58B835CB496} = {F4709220-B05C-4FF1-972E-645232D34DCC}
		{E1EB2A04-9223-41D7-A707-986EE64A4B9D} = {095AB879-C894-4696-9C91-99BF48E43861}
		{634FE217-6374-461C-B3C2-E1B02AFBE1CB} = {E1EB2A04-9223-41D7-A707-986EE64A4B9D}
		{02BB71D7-CF54-4DCD-8DBE-901F14779A09} = {634FE217-6374-461C-B3C2-E1B02AFBE1CB}
	EndGlobalSection
EndGlobal
