
Microsoft Visual Studio Solution File, Format Version 12.00
# Visual Studio Version 17
VisualStudioVersion = 17.0.31903.59
MinimumVisualStudioVersion = 10.0.40219.1
Project("{2150E333-8FDC-42A3-9474-1A3956D46DE8}") = "Solution Items", "Solution Items", "{4C763E6F-D2FE-49E4-9BF4-58C2059DA673}"
	ProjectSection(SolutionItems) = preProject
		.editorconfig = .editorconfig
		Directory.Build.props = Directory.Build.props
		src\Directory.Build.props = src\Directory.Build.props
		Directory.Packages.props = Directory.Packages.props
	EndProjectSection
EndProject
Project("{2150E333-8FDC-42A3-9474-1A3956D46DE8}") = "src", "src", "{D439AB97-4A0F-4EB4-8F29-46633D072DA9}"
EndProject
Project("{FAE04EC0-301F-11D3-BF4B-00C04F79EFBC}") = "Core", "src\Core\Core.csproj", "{9C409513-FE55-4C1C-9359-13D519F95912}"
EndProject
Project("{2150E333-8FDC-42A3-9474-1A3956D46DE8}") = "Handlers", "Handlers", "{4F9B09C6-6822-4488-9480-AEF9C7ADF929}"
EndProject
Project("{FAE04EC0-301F-11D3-BF4B-00C04F79EFBC}") = "Handlers.Core", "src\Handlers\Core\Handlers.Core.csproj", "{B6D2DBC9-12AE-4743-ACB2-381E8640A17B}"
EndProject
Project("{2150E333-8FDC-42A3-9474-1A3956D46DE8}") = "Composite", "Composite", "{E356D8F6-17D7-4F9B-AE93-27725E5FE440}"
EndProject
Project("{FAE04EC0-301F-11D3-BF4B-00C04F79EFBC}") = "Handlers.Composite.Core", "src\Handlers\Composite\Core\Handlers.Composite.Core.csproj", "{A1AD1A9E-737B-454F-A150-FC1973D68448}"
EndProject
Project("{2150E333-8FDC-42A3-9474-1A3956D46DE8}") = "tests", "tests", "{91AFAA80-4F1A-4E3F-9279-EDDA1CD1ABDF}"
EndProject
Project("{2150E333-8FDC-42A3-9474-1A3956D46DE8}") = "unit", "unit", "{AC2EC1A1-5B06-4BDF-8B25-C7A3CDB8CB50}"
EndProject
Project("{2150E333-8FDC-42A3-9474-1A3956D46DE8}") = "Handlers", "Handlers", "{095AB879-C894-4696-9C91-99BF48E43861}"
EndProject
Project("{2150E333-8FDC-42A3-9474-1A3956D46DE8}") = "Composite", "Composite", "{54623F21-C9C1-42A0-BF02-FF5EFF45D85A}"
EndProject
Project("{2150E333-8FDC-42A3-9474-1A3956D46DE8}") = "Core", "Core", "{FE1A9622-255D-42C6-9706-5070A3C6E524}"
EndProject
Project("{FAE04EC0-301F-11D3-BF4B-00C04F79EFBC}") = "CommandHandlerComposite", "tests\unit\Handlers\Composite\Core\CommandHandlerComposite\CommandHandlerComposite.csproj", "{EE3763B4-B338-4D80-B218-2902549DB312}"
EndProject
Global
	GlobalSection(SolutionConfigurationPlatforms) = preSolution
		Debug|Any CPU = Debug|Any CPU
		Release|Any CPU = Release|Any CPU
	EndGlobalSection
	GlobalSection(ProjectConfigurationPlatforms) = postSolution
		{9C409513-FE55-4C1C-9359-13D519F95912}.Debug|Any CPU.ActiveCfg = Debug|Any CPU
		{9C409513-FE55-4C1C-9359-13D519F95912}.Debug|Any CPU.Build.0 = Debug|Any CPU
		{9C409513-FE55-4C1C-9359-13D519F95912}.Release|Any CPU.ActiveCfg = Release|Any CPU
		{9C409513-FE55-4C1C-9359-13D519F95912}.Release|Any CPU.Build.0 = Release|Any CPU
		{B6D2DBC9-12AE-4743-ACB2-381E8640A17B}.Debug|Any CPU.ActiveCfg = Debug|Any CPU
		{B6D2DBC9-12AE-4743-ACB2-381E8640A17B}.Debug|Any CPU.Build.0 = Debug|Any CPU
		{B6D2DBC9-12AE-4743-ACB2-381E8640A17B}.Release|Any CPU.ActiveCfg = Release|Any CPU
		{B6D2DBC9-12AE-4743-ACB2-381E8640A17B}.Release|Any CPU.Build.0 = Release|Any CPU
		{A1AD1A9E-737B-454F-A150-FC1973D68448}.Debug|Any CPU.ActiveCfg = Debug|Any CPU
		{A1AD1A9E-737B-454F-A150-FC1973D68448}.Debug|Any CPU.Build.0 = Debug|Any CPU
		{A1AD1A9E-737B-454F-A150-FC1973D68448}.Release|Any CPU.ActiveCfg = Release|Any CPU
		{A1AD1A9E-737B-454F-A150-FC1973D68448}.Release|Any CPU.Build.0 = Release|Any CPU
		{EE3763B4-B338-4D80-B218-2902549DB312}.Debug|Any CPU.ActiveCfg = Debug|Any CPU
		{EE3763B4-B338-4D80-B218-2902549DB312}.Debug|Any CPU.Build.0 = Debug|Any CPU
		{EE3763B4-B338-4D80-B218-2902549DB312}.Release|Any CPU.ActiveCfg = Release|Any CPU
		{EE3763B4-B338-4D80-B218-2902549DB312}.Release|Any CPU.Build.0 = Release|Any CPU
	EndGlobalSection
	GlobalSection(SolutionProperties) = preSolution
		HideSolutionNode = FALSE
	EndGlobalSection
	GlobalSection(NestedProjects) = preSolution
		{9C409513-FE55-4C1C-9359-13D519F95912} = {D439AB97-4A0F-4EB4-8F29-46633D072DA9}
		{4F9B09C6-6822-4488-9480-AEF9C7ADF929} = {D439AB97-4A0F-4EB4-8F29-46633D072DA9}
		{B6D2DBC9-12AE-4743-ACB2-381E8640A17B} = {4F9B09C6-6822-4488-9480-AEF9C7ADF929}
		{E356D8F6-17D7-4F9B-AE93-27725E5FE440} = {4F9B09C6-6822-4488-9480-AEF9C7ADF929}
		{A1AD1A9E-737B-454F-A150-FC1973D68448} = {E356D8F6-17D7-4F9B-AE93-27725E5FE440}
		{AC2EC1A1-5B06-4BDF-8B25-C7A3CDB8CB50} = {91AFAA80-4F1A-4E3F-9279-EDDA1CD1ABDF}
		{095AB879-C894-4696-9C91-99BF48E43861} = {AC2EC1A1-5B06-4BDF-8B25-C7A3CDB8CB50}
		{54623F21-C9C1-42A0-BF02-FF5EFF45D85A} = {095AB879-C894-4696-9C91-99BF48E43861}
		{FE1A9622-255D-42C6-9706-5070A3C6E524} = {54623F21-C9C1-42A0-BF02-FF5EFF45D85A}
		{EE3763B4-B338-4D80-B218-2902549DB312} = {FE1A9622-255D-42C6-9706-5070A3C6E524}
	EndGlobalSection
EndGlobal
